
Microsoft Visual Studio Solution File, Format Version 12.00
# Visual Studio Version 17
VisualStudioVersion = 17.5.001.0
MinimumVisualStudioVersion = 10.0.40219.1
Project("{9A19103F-16F7-4668-BE54-9A1E7A4F7556}") = "example001_Hello", "example001_Hello.csproj", "{BCD25A11-0516-4514-AC18-EC337FA619CA}"
EndProject
Global
	GlobalSection(SolutionConfigurationPlatforms) = preSolution
		Debug|Any CPU = Debug|Any CPU
		Release|Any CPU = Release|Any CPU
	EndGlobalSection
	GlobalSection(ProjectConfigurationPlatforms) = postSolution
		{BCD25A11-0516-4514-AC18-EC337FA619CA}.Debug|Any CPU.ActiveCfg = Debug|Any CPU
		{BCD25A11-0516-4514-AC18-EC337FA619CA}.Debug|Any CPU.Build.0 = Debug|Any CPU
		{BCD25A11-0516-4514-AC18-EC337FA619CA}.Release|Any CPU.ActiveCfg = Release|Any CPU
		{BCD25A11-0516-4514-AC18-EC337FA619CA}.Release|Any CPU.Build.0 = Release|Any CPU
	EndGlobalSection
	GlobalSection(SolutionProperties) = preSolution
		HideSolutionNode = FALSE
	EndGlobalSection
	GlobalSection(ExtensibilityGlobals) = postSolution
		SolutionGuid = {4F0C7983-066C-4ECE-A0AF-1887F21585C3}
	EndGlobalSection
EndGlobal
